
Microsoft Visual Studio Solution File, Format Version 12.00
# Visual Studio Version 17
VisualStudioVersion = 17.2.32616.157
MinimumVisualStudioVersion = 10.0.40219.1
Project("{FAE04EC0-301F-11D3-BF4B-00C04F79EFBC}") = "eTickets", "eTickets\eTickets.csproj", "{64722A05-E1C5-443F-B50B-61F3E5846D95}"
EndProject
Global
	GlobalSection(SolutionConfigurationPlatforms) = preSolution
		Debug|Any CPU = Debug|Any CPU
		Release|Any CPU = Release|Any CPU
	EndGlobalSection
	GlobalSection(ProjectConfigurationPlatforms) = postSolution
		{64722A05-E1C5-443F-B50B-61F3E5846D95}.Debug|Any CPU.ActiveCfg = Debug|Any CPU
		{64722A05-E1C5-443F-B50B-61F3E5846D95}.Debug|Any CPU.Build.0 = Debug|Any CPU
		{64722A05-E1C5-443F-B50B-61F3E5846D95}.Release|Any CPU.ActiveCfg = Release|Any CPU
		{64722A05-E1C5-443F-B50B-61F3E5846D95}.Release|Any CPU.Build.0 = Release|Any CPU
	EndGlobalSection
	GlobalSection(SolutionProperties) = preSolution
		HideSolutionNode = FALSE
	EndGlobalSection
	GlobalSection(ExtensibilityGlobals) = postSolution
		SolutionGuid = {0BAA035A-F147-44C9-AA7D-CA333258A9E0}
	EndGlobalSection
EndGlobal
